# THIS IS AN AUTOGENERATED FILE. DO NOT EDIT THIS FILE DIRECTLY.
# yarn lockfile v1


graphql-tag-ts@^0.1.16:
  version "0.1.16"
  resolved "https://registry.yarnpkg.com/graphql-tag-ts/-/graphql-tag-ts-0.1.16.tgz#247243fd3e54e2ea876e0e88e792874e4335e8c8"
  integrity sha512-i/JTOWzI3xijogXnGmmIvIO3OqFRpXT6rO3jSDP/Bx9i41zBuU+zaUH9jmLZx0APGWugKBTWK1PHd/rIpC8UcA==
  dependencies:
    graphql-tag "^2.10.3"

graphql-tag@^2.10.3:
  version "2.11.0"
  resolved "https://registry.yarnpkg.com/graphql-tag/-/graphql-tag-2.11.0.tgz#1deb53a01c46a7eb401d6cb59dec86fa1cccbffd"
  integrity sha512-VmsD5pJqWJnQZMUeRwrDhfgoyqcfwEkvtpANqcoUG8/tOLkwNgU9mzub/Mc78OJMhHjx7gfAMTxzdG43VGg3bA==
